// !$*UTF8*$!
{
	archiveVersion = 1;
	classes = {
	};
	objectVersion = 56;
	objects = {

/* Begin PBXBuildFile section */
		1FAFE0F72BE4D4C8005498C3 /* practicaSwiftUIBetaApp.swift in Sources */ = {isa = PBXBuildFile; fileRef = 1FAFE0F62BE4D4C8005498C3 /* practicaSwiftUIBetaApp.swift */; };
		1FAFE0F92BE4D4C8005498C3 /* ContentView.swift in Sources */ = {isa = PBXBuildFile; fileRef = 1FAFE0F82BE4D4C8005498C3 /* ContentView.swift */; };
		1FAFE0FB2BE4D4CA005498C3 /* Assets.xcassets in Resources */ = {isa = PBXBuildFile; fileRef = 1FAFE0FA2BE4D4CA005498C3 /* Assets.xcassets */; };
		1FAFE0FE2BE4D4CA005498C3 /* Preview Assets.xcassets in Resources */ = {isa = PBXBuildFile; fileRef = 1FAFE0FD2BE4D4CA005498C3 /* Preview Assets.xcassets */; };
		1FAFE1082BE4D4CB005498C3 /* practicaSwiftUIBetaTests.swift in Sources */ = {isa = PBXBuildFile; fileRef = 1FAFE1072BE4D4CB005498C3 /* practicaSwiftUIBetaTests.swift */; };
		1FAFE1122BE4D4CB005498C3 /* practicaSwiftUIBetaUITests.swift in Sources */ = {isa = PBXBuildFile; fileRef = 1FAFE1112BE4D4CB005498C3 /* practicaSwiftUIBetaUITests.swift */; };
		1FAFE1142BE4D4CB005498C3 /* practicaSwiftUIBetaUITestsLaunchTests.swift in Sources */ = {isa = PBXBuildFile; fileRef = 1FAFE1132BE4D4CB005498C3 /* practicaSwiftUIBetaUITestsLaunchTests.swift */; };
		1FAFE1212BE4E0BD005498C3 /* ImageView.swift in Sources */ = {isa = PBXBuildFile; fileRef = 1FAFE1202BE4E0BD005498C3 /* ImageView.swift */; };
		1FAFE1232BE4E570005498C3 /* IconsView.swift in Sources */ = {isa = PBXBuildFile; fileRef = 1FAFE1222BE4E570005498C3 /* IconsView.swift */; };
		1FAFE1252BE4E89C005498C3 /* StateView.swift in Sources */ = {isa = PBXBuildFile; fileRef = 1FAFE1242BE4E89C005498C3 /* StateView.swift */; };
		1FAFE1272BE4E9C4005498C3 /* LabelView.swift in Sources */ = {isa = PBXBuildFile; fileRef = 1FAFE1262BE4E9C4005498C3 /* LabelView.swift */; };
		1FAFE1492BE4FB79005498C3 /* LazyVGridView.swift in Sources */ = {isa = PBXBuildFile; fileRef = 1FAFE1482BE4FB79005498C3 /* LazyVGridView.swift */; };
		1FAFE14B2BE53651005498C3 /* FormView.swift in Sources */ = {isa = PBXBuildFile; fileRef = 1FAFE14A2BE53651005498C3 /* FormView.swift */; };
		1FAFE14D2BE5433F005498C3 /* ListView.swift in Sources */ = {isa = PBXBuildFile; fileRef = 1FAFE14C2BE5433E005498C3 /* ListView.swift */; };
		1FAFE14F2BE54A29005498C3 /* NavigationView&Link.swift in Sources */ = {isa = PBXBuildFile; fileRef = 1FAFE14E2BE54A29005498C3 /* NavigationView&Link.swift */; };
		1FAFE1512BE54CF9005498C3 /* TabViewNavigation.swift in Sources */ = {isa = PBXBuildFile; fileRef = 1FAFE1502BE54CF9005498C3 /* TabViewNavigation.swift */; };
		1FCC7BF52BF4A463009069FD /* PickerView.swift in Sources */ = {isa = PBXBuildFile; fileRef = 1FCC7BF42BF4A463009069FD /* PickerView.swift */; };
		1FCC7BF72BF4B000009069FD /* MenuView.swift in Sources */ = {isa = PBXBuildFile; fileRef = 1FCC7BF62BF4B000009069FD /* MenuView.swift */; };
		1FCC7BF92BF4B071009069FD /* DisclosureGroupView.swift in Sources */ = {isa = PBXBuildFile; fileRef = 1FCC7BF82BF4B071009069FD /* DisclosureGroupView.swift */; };
		1FDA25D72BE6AB40004A4F29 /* TextView.swift in Sources */ = {isa = PBXBuildFile; fileRef = 1FDA25D62BE6AB40004A4F29 /* TextView.swift */; };
		1FDA25D92BE6B9DD004A4F29 /* ButtonView.swift in Sources */ = {isa = PBXBuildFile; fileRef = 1FDA25D82BE6B9DD004A4F29 /* ButtonView.swift */; };
		1FDA25DB2BE6BD44004A4F29 /* TextfieldView.swift in Sources */ = {isa = PBXBuildFile; fileRef = 1FDA25DA2BE6BD44004A4F29 /* TextfieldView.swift */; };
		1FDCD6B62BEA2DD500118821 /* EnviromentObjetctView.swift in Sources */ = {isa = PBXBuildFile; fileRef = 1FDCD6B52BEA2DD500118821 /* EnviromentObjetctView.swift */; };
		1FDCD6B82BEA32C000118821 /* EnviromentObjectView2.swift in Sources */ = {isa = PBXBuildFile; fileRef = 1FDCD6B72BEA32C000118821 /* EnviromentObjectView2.swift */; };
		1FDCD6BA2BEA32E100118821 /* EnviromentObjectView3.swift in Sources */ = {isa = PBXBuildFile; fileRef = 1FDCD6B92BEA32E100118821 /* EnviromentObjectView3.swift */; };
		1FDCD6C02BEA36C500118821 /* EnviromentObject2.swift in Sources */ = {isa = PBXBuildFile; fileRef = 1FDCD6BD2BEA36C500118821 /* EnviromentObject2.swift */; };
		1FDCD6C12BEA36C500118821 /* EnviromentObject3.swift in Sources */ = {isa = PBXBuildFile; fileRef = 1FDCD6BE2BEA36C500118821 /* EnviromentObject3.swift */; };
		1FDCD6C22BEA36C500118821 /* EnviromentObjetct1.swift in Sources */ = {isa = PBXBuildFile; fileRef = 1FDCD6BF2BEA36C500118821 /* EnviromentObjetct1.swift */; };
		1FDCD6C42BEA43EF00118821 /* AppStoragePropertyWrapper.swift in Sources */ = {isa = PBXBuildFile; fileRef = 1FDCD6C32BEA43EF00118821 /* AppStoragePropertyWrapper.swift */; };
		1FE0B7702BE8D78D00E45895 /* TexteditorView.swift in Sources */ = {isa = PBXBuildFile; fileRef = 1FE0B76F2BE8D78D00E45895 /* TexteditorView.swift */; };
		1FE0B7722BE8D99900E45895 /* DatePickerView.swift in Sources */ = {isa = PBXBuildFile; fileRef = 1FE0B7712BE8D99900E45895 /* DatePickerView.swift */; };
		1FE0B7742BE8DD8C00E45895 /* ColorPickerView.swift in Sources */ = {isa = PBXBuildFile; fileRef = 1FE0B7732BE8DD8C00E45895 /* ColorPickerView.swift */; };
		1FE0B7762BE8DE6700E45895 /* ProgressSwiftUIView.swift in Sources */ = {isa = PBXBuildFile; fileRef = 1FE0B7752BE8DE6700E45895 /* ProgressSwiftUIView.swift */; };
		1FE0B7782BE8DF9700E45895 /* ProgressSwiftUI2View.swift in Sources */ = {isa = PBXBuildFile; fileRef = 1FE0B7772BE8DF9700E45895 /* ProgressSwiftUI2View.swift */; };
		1FE0B77A2BE8E09E00E45895 /* LinkView.swift in Sources */ = {isa = PBXBuildFile; fileRef = 1FE0B7792BE8E09E00E45895 /* LinkView.swift */; };
		1FE0B77C2BE92AC900E45895 /* ToggleView.swift in Sources */ = {isa = PBXBuildFile; fileRef = 1FE0B77B2BE92AC900E45895 /* ToggleView.swift */; };
		1FE0B77E2BE92BAC00E45895 /* StepperView.swift in Sources */ = {isa = PBXBuildFile; fileRef = 1FE0B77D2BE92BAC00E45895 /* StepperView.swift */; };
		1FE0B7802BE92D8500E45895 /* SliderView.swift in Sources */ = {isa = PBXBuildFile; fileRef = 1FE0B77F2BE92D8500E45895 /* SliderView.swift */; };
		1FE0B7822BE9306000E45895 /* FullscreenCoverView.swift in Sources */ = {isa = PBXBuildFile; fileRef = 1FE0B7812BE9306000E45895 /* FullscreenCoverView.swift */; };
		1FE0B7842BE9322900E45895 /* SheetView.swift in Sources */ = {isa = PBXBuildFile; fileRef = 1FE0B7832BE9322900E45895 /* SheetView.swift */; };
		1FE0B7862BE932C800E45895 /* AlertView.swift in Sources */ = {isa = PBXBuildFile; fileRef = 1FE0B7852BE932C800E45895 /* AlertView.swift */; };
		1FE0B7882BE9377E00E45895 /* ActionSheetView.swift in Sources */ = {isa = PBXBuildFile; fileRef = 1FE0B7872BE9377E00E45895 /* ActionSheetView.swift */; };
		1FE0B78A2BE93B7C00E45895 /* ContentMenuView.swift in Sources */ = {isa = PBXBuildFile; fileRef = 1FE0B7892BE93B7C00E45895 /* ContentMenuView.swift */; };
		1FE0B78C2BE93DC000E45895 /* TapGestureView.swift in Sources */ = {isa = PBXBuildFile; fileRef = 1FE0B78B2BE93DC000E45895 /* TapGestureView.swift */; };
		1FE0B78E2BE93F9D00E45895 /* DragGestureView.swift in Sources */ = {isa = PBXBuildFile; fileRef = 1FE0B78D2BE93F9C00E45895 /* DragGestureView.swift */; };
		1FE0B7902BE9431500E45895 /* ObservableObjectProp.swift in Sources */ = {isa = PBXBuildFile; fileRef = 1FE0B78F2BE9431500E45895 /* ObservableObjectProp.swift */; };
		1FE0B7922BE950E300E45895 /* BindingPropertyWrapped.swift in Sources */ = {isa = PBXBuildFile; fileRef = 1FE0B7912BE950E300E45895 /* BindingPropertyWrapped.swift */; };
/* End PBXBuildFile section */

/* Begin PBXContainerItemProxy section */
		1FAFE1042BE4D4CB005498C3 /* PBXContainerItemProxy */ = {
			isa = PBXContainerItemProxy;
			containerPortal = 1FAFE0EB2BE4D4C8005498C3 /* Project object */;
			proxyType = 1;
			remoteGlobalIDString = 1FAFE0F22BE4D4C8005498C3;
			remoteInfo = practicaSwiftUIBeta;
		};
		1FAFE10E2BE4D4CB005498C3 /* PBXContainerItemProxy */ = {
			isa = PBXContainerItemProxy;
			containerPortal = 1FAFE0EB2BE4D4C8005498C3 /* Project object */;
			proxyType = 1;
			remoteGlobalIDString = 1FAFE0F22BE4D4C8005498C3;
			remoteInfo = practicaSwiftUIBeta;
		};
/* End PBXContainerItemProxy section */

/* Begin PBXFileReference section */
		1FAFE0F32BE4D4C8005498C3 /* practicaSwiftUIBeta.app */ = {isa = PBXFileReference; explicitFileType = wrapper.application; includeInIndex = 0; path = practicaSwiftUIBeta.app; sourceTree = BUILT_PRODUCTS_DIR; };
		1FAFE0F62BE4D4C8005498C3 /* practicaSwiftUIBetaApp.swift */ = {isa = PBXFileReference; lastKnownFileType = sourcecode.swift; path = practicaSwiftUIBetaApp.swift; sourceTree = "<group>"; };
		1FAFE0F82BE4D4C8005498C3 /* ContentView.swift */ = {isa = PBXFileReference; lastKnownFileType = sourcecode.swift; path = ContentView.swift; sourceTree = "<group>"; };
		1FAFE0FA2BE4D4CA005498C3 /* Assets.xcassets */ = {isa = PBXFileReference; lastKnownFileType = folder.assetcatalog; path = Assets.xcassets; sourceTree = "<group>"; };
		1FAFE0FD2BE4D4CA005498C3 /* Preview Assets.xcassets */ = {isa = PBXFileReference; lastKnownFileType = folder.assetcatalog; path = "Preview Assets.xcassets"; sourceTree = "<group>"; };
		1FAFE1032BE4D4CB005498C3 /* practicaSwiftUIBetaTests.xctest */ = {isa = PBXFileReference; explicitFileType = wrapper.cfbundle; includeInIndex = 0; path = practicaSwiftUIBetaTests.xctest; sourceTree = BUILT_PRODUCTS_DIR; };
		1FAFE1072BE4D4CB005498C3 /* practicaSwiftUIBetaTests.swift */ = {isa = PBXFileReference; lastKnownFileType = sourcecode.swift; path = practicaSwiftUIBetaTests.swift; sourceTree = "<group>"; };
		1FAFE10D2BE4D4CB005498C3 /* practicaSwiftUIBetaUITests.xctest */ = {isa = PBXFileReference; explicitFileType = wrapper.cfbundle; includeInIndex = 0; path = practicaSwiftUIBetaUITests.xctest; sourceTree = BUILT_PRODUCTS_DIR; };
		1FAFE1112BE4D4CB005498C3 /* practicaSwiftUIBetaUITests.swift */ = {isa = PBXFileReference; lastKnownFileType = sourcecode.swift; path = practicaSwiftUIBetaUITests.swift; sourceTree = "<group>"; };
		1FAFE1132BE4D4CB005498C3 /* practicaSwiftUIBetaUITestsLaunchTests.swift */ = {isa = PBXFileReference; lastKnownFileType = sourcecode.swift; path = practicaSwiftUIBetaUITestsLaunchTests.swift; sourceTree = "<group>"; };
		1FAFE1202BE4E0BD005498C3 /* ImageView.swift */ = {isa = PBXFileReference; lastKnownFileType = sourcecode.swift; path = ImageView.swift; sourceTree = "<group>"; };
		1FAFE1222BE4E570005498C3 /* IconsView.swift */ = {isa = PBXFileReference; lastKnownFileType = sourcecode.swift; path = IconsView.swift; sourceTree = "<group>"; };
		1FAFE1242BE4E89C005498C3 /* StateView.swift */ = {isa = PBXFileReference; lastKnownFileType = sourcecode.swift; path = StateView.swift; sourceTree = "<group>"; };
		1FAFE1262BE4E9C4005498C3 /* LabelView.swift */ = {isa = PBXFileReference; lastKnownFileType = sourcecode.swift; path = LabelView.swift; sourceTree = "<group>"; };
		1FAFE1482BE4FB79005498C3 /* LazyVGridView.swift */ = {isa = PBXFileReference; lastKnownFileType = sourcecode.swift; path = LazyVGridView.swift; sourceTree = "<group>"; };
		1FAFE14A2BE53651005498C3 /* FormView.swift */ = {isa = PBXFileReference; lastKnownFileType = sourcecode.swift; path = FormView.swift; sourceTree = "<group>"; };
		1FAFE14C2BE5433E005498C3 /* ListView.swift */ = {isa = PBXFileReference; lastKnownFileType = sourcecode.swift; path = ListView.swift; sourceTree = "<group>"; };
		1FAFE14E2BE54A29005498C3 /* NavigationView&Link.swift */ = {isa = PBXFileReference; lastKnownFileType = sourcecode.swift; path = "NavigationView&Link.swift"; sourceTree = "<group>"; };
		1FAFE1502BE54CF9005498C3 /* TabViewNavigation.swift */ = {isa = PBXFileReference; lastKnownFileType = sourcecode.swift; path = TabViewNavigation.swift; sourceTree = "<group>"; };
		1FCC7BF42BF4A463009069FD /* PickerView.swift */ = {isa = PBXFileReference; lastKnownFileType = sourcecode.swift; path = PickerView.swift; sourceTree = "<group>"; };
		1FCC7BF62BF4B000009069FD /* MenuView.swift */ = {isa = PBXFileReference; lastKnownFileType = sourcecode.swift; path = MenuView.swift; sourceTree = "<group>"; };
		1FCC7BF82BF4B071009069FD /* DisclosureGroupView.swift */ = {isa = PBXFileReference; lastKnownFileType = sourcecode.swift; path = DisclosureGroupView.swift; sourceTree = "<group>"; };
		1FDA25D62BE6AB40004A4F29 /* TextView.swift */ = {isa = PBXFileReference; lastKnownFileType = sourcecode.swift; path = TextView.swift; sourceTree = "<group>"; };
		1FDA25D82BE6B9DD004A4F29 /* ButtonView.swift */ = {isa = PBXFileReference; lastKnownFileType = sourcecode.swift; path = ButtonView.swift; sourceTree = "<group>"; };
		1FDA25DA2BE6BD44004A4F29 /* TextfieldView.swift */ = {isa = PBXFileReference; lastKnownFileType = sourcecode.swift; path = TextfieldView.swift; sourceTree = "<group>"; };
		1FDCD6B52BEA2DD500118821 /* EnviromentObjetctView.swift */ = {isa = PBXFileReference; lastKnownFileType = sourcecode.swift; path = EnviromentObjetctView.swift; sourceTree = "<group>"; };
		1FDCD6B72BEA32C000118821 /* EnviromentObjectView2.swift */ = {isa = PBXFileReference; lastKnownFileType = sourcecode.swift; path = EnviromentObjectView2.swift; sourceTree = "<group>"; };
		1FDCD6B92BEA32E100118821 /* EnviromentObjectView3.swift */ = {isa = PBXFileReference; lastKnownFileType = sourcecode.swift; path = EnviromentObjectView3.swift; sourceTree = "<group>"; };
		1FDCD6BD2BEA36C500118821 /* EnviromentObject2.swift */ = {isa = PBXFileReference; fileEncoding = 4; lastKnownFileType = sourcecode.swift; path = EnviromentObject2.swift; sourceTree = "<group>"; };
		1FDCD6BE2BEA36C500118821 /* EnviromentObject3.swift */ = {isa = PBXFileReference; fileEncoding = 4; lastKnownFileType = sourcecode.swift; path = EnviromentObject3.swift; sourceTree = "<group>"; };
		1FDCD6BF2BEA36C500118821 /* EnviromentObjetct1.swift */ = {isa = PBXFileReference; fileEncoding = 4; lastKnownFileType = sourcecode.swift; path = EnviromentObjetct1.swift; sourceTree = "<group>"; };
		1FDCD6C32BEA43EF00118821 /* AppStoragePropertyWrapper.swift */ = {isa = PBXFileReference; lastKnownFileType = sourcecode.swift; path = AppStoragePropertyWrapper.swift; sourceTree = "<group>"; };
		1FE0B76F2BE8D78D00E45895 /* TexteditorView.swift */ = {isa = PBXFileReference; lastKnownFileType = sourcecode.swift; path = TexteditorView.swift; sourceTree = "<group>"; };
		1FE0B7712BE8D99900E45895 /* DatePickerView.swift */ = {isa = PBXFileReference; lastKnownFileType = sourcecode.swift; path = DatePickerView.swift; sourceTree = "<group>"; };
		1FE0B7732BE8DD8C00E45895 /* ColorPickerView.swift */ = {isa = PBXFileReference; lastKnownFileType = sourcecode.swift; path = ColorPickerView.swift; sourceTree = "<group>"; };
		1FE0B7752BE8DE6700E45895 /* ProgressSwiftUIView.swift */ = {isa = PBXFileReference; lastKnownFileType = sourcecode.swift; path = ProgressSwiftUIView.swift; sourceTree = "<group>"; };
		1FE0B7772BE8DF9700E45895 /* ProgressSwiftUI2View.swift */ = {isa = PBXFileReference; lastKnownFileType = sourcecode.swift; path = ProgressSwiftUI2View.swift; sourceTree = "<group>"; };
		1FE0B7792BE8E09E00E45895 /* LinkView.swift */ = {isa = PBXFileReference; lastKnownFileType = sourcecode.swift; path = LinkView.swift; sourceTree = "<group>"; };
		1FE0B77B2BE92AC900E45895 /* ToggleView.swift */ = {isa = PBXFileReference; lastKnownFileType = sourcecode.swift; path = ToggleView.swift; sourceTree = "<group>"; };
		1FE0B77D2BE92BAC00E45895 /* StepperView.swift */ = {isa = PBXFileReference; lastKnownFileType = sourcecode.swift; path = StepperView.swift; sourceTree = "<group>"; };
		1FE0B77F2BE92D8500E45895 /* SliderView.swift */ = {isa = PBXFileReference; lastKnownFileType = sourcecode.swift; path = SliderView.swift; sourceTree = "<group>"; };
		1FE0B7812BE9306000E45895 /* FullscreenCoverView.swift */ = {isa = PBXFileReference; lastKnownFileType = sourcecode.swift; path = FullscreenCoverView.swift; sourceTree = "<group>"; };
		1FE0B7832BE9322900E45895 /* SheetView.swift */ = {isa = PBXFileReference; lastKnownFileType = sourcecode.swift; path = SheetView.swift; sourceTree = "<group>"; };
		1FE0B7852BE932C800E45895 /* AlertView.swift */ = {isa = PBXFileReference; lastKnownFileType = sourcecode.swift; path = AlertView.swift; sourceTree = "<group>"; };
		1FE0B7872BE9377E00E45895 /* ActionSheetView.swift */ = {isa = PBXFileReference; lastKnownFileType = sourcecode.swift; path = ActionSheetView.swift; sourceTree = "<group>"; };
		1FE0B7892BE93B7C00E45895 /* ContentMenuView.swift */ = {isa = PBXFileReference; lastKnownFileType = sourcecode.swift; path = ContentMenuView.swift; sourceTree = "<group>"; };
		1FE0B78B2BE93DC000E45895 /* TapGestureView.swift */ = {isa = PBXFileReference; lastKnownFileType = sourcecode.swift; path = TapGestureView.swift; sourceTree = "<group>"; };
		1FE0B78D2BE93F9C00E45895 /* DragGestureView.swift */ = {isa = PBXFileReference; lastKnownFileType = sourcecode.swift; path = DragGestureView.swift; sourceTree = "<group>"; };
		1FE0B78F2BE9431500E45895 /* ObservableObjectProp.swift */ = {isa = PBXFileReference; lastKnownFileType = sourcecode.swift; path = ObservableObjectProp.swift; sourceTree = "<group>"; };
		1FE0B7912BE950E300E45895 /* BindingPropertyWrapped.swift */ = {isa = PBXFileReference; lastKnownFileType = sourcecode.swift; path = BindingPropertyWrapped.swift; sourceTree = "<group>"; };
/* End PBXFileReference section */

/* Begin PBXFrameworksBuildPhase section */
		1FAFE0F02BE4D4C8005498C3 /* Frameworks */ = {
			isa = PBXFrameworksBuildPhase;
			buildActionMask = 2147483647;
			files = (
			);
			runOnlyForDeploymentPostprocessing = 0;
		};
		1FAFE1002BE4D4CB005498C3 /* Frameworks */ = {
			isa = PBXFrameworksBuildPhase;
			buildActionMask = 2147483647;
			files = (
			);
			runOnlyForDeploymentPostprocessing = 0;
		};
		1FAFE10A2BE4D4CB005498C3 /* Frameworks */ = {
			isa = PBXFrameworksBuildPhase;
			buildActionMask = 2147483647;
			files = (
			);
			runOnlyForDeploymentPostprocessing = 0;
		};
/* End PBXFrameworksBuildPhase section */

/* Begin PBXGroup section */
		1FAFE0EA2BE4D4C8005498C3 = {
			isa = PBXGroup;
			children = (
				1FAFE0F52BE4D4C8005498C3 /* practicaSwiftUIBeta */,
				1FAFE1062BE4D4CB005498C3 /* practicaSwiftUIBetaTests */,
				1FAFE1102BE4D4CB005498C3 /* practicaSwiftUIBetaUITests */,
				1FAFE0F42BE4D4C8005498C3 /* Products */,
			);
			sourceTree = "<group>";
		};
		1FAFE0F42BE4D4C8005498C3 /* Products */ = {
			isa = PBXGroup;
			children = (
				1FAFE0F32BE4D4C8005498C3 /* practicaSwiftUIBeta.app */,
				1FAFE1032BE4D4CB005498C3 /* practicaSwiftUIBetaTests.xctest */,
				1FAFE10D2BE4D4CB005498C3 /* practicaSwiftUIBetaUITests.xctest */,
			);
			name = Products;
			sourceTree = "<group>";
		};
		1FAFE0F52BE4D4C8005498C3 /* practicaSwiftUIBeta */ = {
			isa = PBXGroup;
			children = (
				1FAFE0F62BE4D4C8005498C3 /* practicaSwiftUIBetaApp.swift */,
				1FAFE0F82BE4D4C8005498C3 /* ContentView.swift */,
				1FAFE1202BE4E0BD005498C3 /* ImageView.swift */,
				1FAFE1222BE4E570005498C3 /* IconsView.swift */,
				1FDA25D62BE6AB40004A4F29 /* TextView.swift */,
				1FDA25D82BE6B9DD004A4F29 /* ButtonView.swift */,
				1FDA25DA2BE6BD44004A4F29 /* TextfieldView.swift */,
				1FE0B76F2BE8D78D00E45895 /* TexteditorView.swift */,
				1FE0B7712BE8D99900E45895 /* DatePickerView.swift */,
				1FE0B7732BE8DD8C00E45895 /* ColorPickerView.swift */,
				1FCC7BF42BF4A463009069FD /* PickerView.swift */,
				1FCC7BF62BF4B000009069FD /* MenuView.swift */,
				1FCC7BF82BF4B071009069FD /* DisclosureGroupView.swift */,
				1FE0B7752BE8DE6700E45895 /* ProgressSwiftUIView.swift */,
				1FE0B7772BE8DF9700E45895 /* ProgressSwiftUI2View.swift */,
				1FE0B7792BE8E09E00E45895 /* LinkView.swift */,
				1FE0B77B2BE92AC900E45895 /* ToggleView.swift */,
				1FE0B77D2BE92BAC00E45895 /* StepperView.swift */,
				1FE0B77F2BE92D8500E45895 /* SliderView.swift */,
				1FAFE1242BE4E89C005498C3 /* StateView.swift */,
				1FE0B7912BE950E300E45895 /* BindingPropertyWrapped.swift */,
				1FAFE1262BE4E9C4005498C3 /* LabelView.swift */,
				1FAFE1482BE4FB79005498C3 /* LazyVGridView.swift */,
				1FAFE14A2BE53651005498C3 /* FormView.swift */,
				1FAFE14C2BE5433E005498C3 /* ListView.swift */,
				1FAFE14E2BE54A29005498C3 /* NavigationView&Link.swift */,
				1FAFE1502BE54CF9005498C3 /* TabViewNavigation.swift */,
				1FE0B7812BE9306000E45895 /* FullscreenCoverView.swift */,
				1FE0B7832BE9322900E45895 /* SheetView.swift */,
				1FE0B7852BE932C800E45895 /* AlertView.swift */,
				1FE0B7872BE9377E00E45895 /* ActionSheetView.swift */,
				1FE0B7892BE93B7C00E45895 /* ContentMenuView.swift */,
				1FE0B78B2BE93DC000E45895 /* TapGestureView.swift */,
				1FE0B78D2BE93F9C00E45895 /* DragGestureView.swift */,
				1FE0B78F2BE9431500E45895 /* ObservableObjectProp.swift */,
				1FDCD6BB2BEA362E00118821 /* StateObject&ObservableObject */,
				1FDCD6BC2BEA366800118821 /* EnviromentObject */,
				1FDCD6C32BEA43EF00118821 /* AppStoragePropertyWrapper.swift */,
				1FAFE0FA2BE4D4CA005498C3 /* Assets.xcassets */,
				1FAFE0FC2BE4D4CA005498C3 /* Preview Content */,
			);
			path = practicaSwiftUIBeta;
			sourceTree = "<group>";
		};
		1FAFE0FC2BE4D4CA005498C3 /* Preview Content */ = {
			isa = PBXGroup;
			children = (
				1FAFE0FD2BE4D4CA005498C3 /* Preview Assets.xcassets */,
			);
			path = "Preview Content";
			sourceTree = "<group>";
		};
		1FAFE1062BE4D4CB005498C3 /* practicaSwiftUIBetaTests */ = {
			isa = PBXGroup;
			children = (
				1FAFE1072BE4D4CB005498C3 /* practicaSwiftUIBetaTests.swift */,
			);
			path = practicaSwiftUIBetaTests;
			sourceTree = "<group>";
		};
		1FAFE1102BE4D4CB005498C3 /* practicaSwiftUIBetaUITests */ = {
			isa = PBXGroup;
			children = (
				1FAFE1112BE4D4CB005498C3 /* practicaSwiftUIBetaUITests.swift */,
				1FAFE1132BE4D4CB005498C3 /* practicaSwiftUIBetaUITestsLaunchTests.swift */,
			);
			path = practicaSwiftUIBetaUITests;
			sourceTree = "<group>";
		};
		1FDCD6BB2BEA362E00118821 /* StateObject&ObservableObject */ = {
			isa = PBXGroup;
			children = (
				1FDCD6B52BEA2DD500118821 /* EnviromentObjetctView.swift */,
				1FDCD6B72BEA32C000118821 /* EnviromentObjectView2.swift */,
				1FDCD6B92BEA32E100118821 /* EnviromentObjectView3.swift */,
			);
			path = "StateObject&ObservableObject";
			sourceTree = "<group>";
		};
		1FDCD6BC2BEA366800118821 /* EnviromentObject */ = {
			isa = PBXGroup;
			children = (
				1FDCD6BF2BEA36C500118821 /* EnviromentObjetct1.swift */,
				1FDCD6BD2BEA36C500118821 /* EnviromentObject2.swift */,
				1FDCD6BE2BEA36C500118821 /* EnviromentObject3.swift */,
			);
			path = EnviromentObject;
			sourceTree = "<group>";
		};
/* End PBXGroup section */

/* Begin PBXNativeTarget section */
		1FAFE0F22BE4D4C8005498C3 /* practicaSwiftUIBeta */ = {
			isa = PBXNativeTarget;
			buildConfigurationList = 1FAFE1172BE4D4CB005498C3 /* Build configuration list for PBXNativeTarget "practicaSwiftUIBeta" */;
			buildPhases = (
				1FAFE0EF2BE4D4C8005498C3 /* Sources */,
				1FAFE0F02BE4D4C8005498C3 /* Frameworks */,
				1FAFE0F12BE4D4C8005498C3 /* Resources */,
			);
			buildRules = (
			);
			dependencies = (
			);
			name = practicaSwiftUIBeta;
			productName = practicaSwiftUIBeta;
			productReference = 1FAFE0F32BE4D4C8005498C3 /* practicaSwiftUIBeta.app */;
			productType = "com.apple.product-type.application";
		};
		1FAFE1022BE4D4CB005498C3 /* practicaSwiftUIBetaTests */ = {
			isa = PBXNativeTarget;
			buildConfigurationList = 1FAFE11A2BE4D4CB005498C3 /* Build configuration list for PBXNativeTarget "practicaSwiftUIBetaTests" */;
			buildPhases = (
				1FAFE0FF2BE4D4CB005498C3 /* Sources */,
				1FAFE1002BE4D4CB005498C3 /* Frameworks */,
				1FAFE1012BE4D4CB005498C3 /* Resources */,
			);
			buildRules = (
			);
			dependencies = (
				1FAFE1052BE4D4CB005498C3 /* PBXTargetDependency */,
			);
			name = practicaSwiftUIBetaTests;
			productName = practicaSwiftUIBetaTests;
			productReference = 1FAFE1032BE4D4CB005498C3 /* practicaSwiftUIBetaTests.xctest */;
			productType = "com.apple.product-type.bundle.unit-test";
		};
		1FAFE10C2BE4D4CB005498C3 /* practicaSwiftUIBetaUITests */ = {
			isa = PBXNativeTarget;
			buildConfigurationList = 1FAFE11D2BE4D4CB005498C3 /* Build configuration list for PBXNativeTarget "practicaSwiftUIBetaUITests" */;
			buildPhases = (
				1FAFE1092BE4D4CB005498C3 /* Sources */,
				1FAFE10A2BE4D4CB005498C3 /* Frameworks */,
				1FAFE10B2BE4D4CB005498C3 /* Resources */,
			);
			buildRules = (
			);
			dependencies = (
				1FAFE10F2BE4D4CB005498C3 /* PBXTargetDependency */,
			);
			name = practicaSwiftUIBetaUITests;
			productName = practicaSwiftUIBetaUITests;
			productReference = 1FAFE10D2BE4D4CB005498C3 /* practicaSwiftUIBetaUITests.xctest */;
			productType = "com.apple.product-type.bundle.ui-testing";
		};
/* End PBXNativeTarget section */

/* Begin PBXProject section */
		1FAFE0EB2BE4D4C8005498C3 /* Project object */ = {
			isa = PBXProject;
			attributes = {
				BuildIndependentTargetsInParallel = 1;
				LastSwiftUpdateCheck = 1420;
				LastUpgradeCheck = 1420;
				TargetAttributes = {
					1FAFE0F22BE4D4C8005498C3 = {
						CreatedOnToolsVersion = 14.2;
					};
					1FAFE1022BE4D4CB005498C3 = {
						CreatedOnToolsVersion = 14.2;
						TestTargetID = 1FAFE0F22BE4D4C8005498C3;
					};
					1FAFE10C2BE4D4CB005498C3 = {
						CreatedOnToolsVersion = 14.2;
						TestTargetID = 1FAFE0F22BE4D4C8005498C3;
					};
				};
			};
			buildConfigurationList = 1FAFE0EE2BE4D4C8005498C3 /* Build configuration list for PBXProject "practicaSwiftUIBeta" */;
			compatibilityVersion = "Xcode 14.0";
			developmentRegion = en;
			hasScannedForEncodings = 0;
			knownRegions = (
				en,
				Base,
			);
			mainGroup = 1FAFE0EA2BE4D4C8005498C3;
			productRefGroup = 1FAFE0F42BE4D4C8005498C3 /* Products */;
			projectDirPath = "";
			projectRoot = "";
			targets = (
				1FAFE0F22BE4D4C8005498C3 /* practicaSwiftUIBeta */,
				1FAFE1022BE4D4CB005498C3 /* practicaSwiftUIBetaTests */,
				1FAFE10C2BE4D4CB005498C3 /* practicaSwiftUIBetaUITests */,
			);
		};
/* End PBXProject section */

/* Begin PBXResourcesBuildPhase section */
		1FAFE0F12BE4D4C8005498C3 /* Resources */ = {
			isa = PBXResourcesBuildPhase;
			buildActionMask = 2147483647;
			files = (
				1FAFE0FE2BE4D4CA005498C3 /* Preview Assets.xcassets in Resources */,
				1FAFE0FB2BE4D4CA005498C3 /* Assets.xcassets in Resources */,
			);
			runOnlyForDeploymentPostprocessing = 0;
		};
		1FAFE1012BE4D4CB005498C3 /* Resources */ = {
			isa = PBXResourcesBuildPhase;
			buildActionMask = 2147483647;
			files = (
			);
			runOnlyForDeploymentPostprocessing = 0;
		};
		1FAFE10B2BE4D4CB005498C3 /* Resources */ = {
			isa = PBXResourcesBuildPhase;
			buildActionMask = 2147483647;
			files = (
			);
			runOnlyForDeploymentPostprocessing = 0;
		};
/* End PBXResourcesBuildPhase section */

/* Begin PBXSourcesBuildPhase section */
		1FAFE0EF2BE4D4C8005498C3 /* Sources */ = {
			isa = PBXSourcesBuildPhase;
			buildActionMask = 2147483647;
			files = (
				1FE0B7702BE8D78D00E45895 /* TexteditorView.swift in Sources */,
				1FDCD6C02BEA36C500118821 /* EnviromentObject2.swift in Sources */,
				1FE0B7822BE9306000E45895 /* FullscreenCoverView.swift in Sources */,
				1FAFE1512BE54CF9005498C3 /* TabViewNavigation.swift in Sources */,
				1FE0B78A2BE93B7C00E45895 /* ContentMenuView.swift in Sources */,
				1FE0B78E2BE93F9D00E45895 /* DragGestureView.swift in Sources */,
				1FAFE14B2BE53651005498C3 /* FormView.swift in Sources */,
				1FE0B7742BE8DD8C00E45895 /* ColorPickerView.swift in Sources */,
				1FAFE1212BE4E0BD005498C3 /* ImageView.swift in Sources */,
				1FDCD6BA2BEA32E100118821 /* EnviromentObjectView3.swift in Sources */,
				1FAFE1492BE4FB79005498C3 /* LazyVGridView.swift in Sources */,
				1FAFE1232BE4E570005498C3 /* IconsView.swift in Sources */,
				1FE0B7922BE950E300E45895 /* BindingPropertyWrapped.swift in Sources */,
				1FCC7BF72BF4B000009069FD /* MenuView.swift in Sources */,
				1FE0B7762BE8DE6700E45895 /* ProgressSwiftUIView.swift in Sources */,
				1FE0B7802BE92D8500E45895 /* SliderView.swift in Sources */,
				1FE0B7782BE8DF9700E45895 /* ProgressSwiftUI2View.swift in Sources */,
				1FE0B7722BE8D99900E45895 /* DatePickerView.swift in Sources */,
				1FE0B7842BE9322900E45895 /* SheetView.swift in Sources */,
				1FAFE1252BE4E89C005498C3 /* StateView.swift in Sources */,
				1FAFE0F92BE4D4C8005498C3 /* ContentView.swift in Sources */,
				1FE0B77E2BE92BAC00E45895 /* StepperView.swift in Sources */,
				1FAFE0F72BE4D4C8005498C3 /* practicaSwiftUIBetaApp.swift in Sources */,
				1FE0B77C2BE92AC900E45895 /* ToggleView.swift in Sources */,
				1FDCD6B62BEA2DD500118821 /* EnviromentObjetctView.swift in Sources */,
				1FDCD6C12BEA36C500118821 /* EnviromentObject3.swift in Sources */,
				1FAFE14F2BE54A29005498C3 /* NavigationView&Link.swift in Sources */,
				1FDCD6B82BEA32C000118821 /* EnviromentObjectView2.swift in Sources */,
				1FE0B77A2BE8E09E00E45895 /* LinkView.swift in Sources */,
				1FCC7BF92BF4B071009069FD /* DisclosureGroupView.swift in Sources */,
				1FCC7BF52BF4A463009069FD /* PickerView.swift in Sources */,
				1FDCD6C42BEA43EF00118821 /* AppStoragePropertyWrapper.swift in Sources */,
				1FE0B7902BE9431500E45895 /* ObservableObjectProp.swift in Sources */,
				1FDA25D92BE6B9DD004A4F29 /* ButtonView.swift in Sources */,
				1FE0B7862BE932C800E45895 /* AlertView.swift in Sources */,
				1FE0B7882BE9377E00E45895 /* ActionSheetView.swift in Sources */,
				1FDA25DB2BE6BD44004A4F29 /* TextfieldView.swift in Sources */,
				1FDCD6C22BEA36C500118821 /* EnviromentObjetct1.swift in Sources */,
				1FDA25D72BE6AB40004A4F29 /* TextView.swift in Sources */,
				1FAFE1272BE4E9C4005498C3 /* LabelView.swift in Sources */,
				1FAFE14D2BE5433F005498C3 /* ListView.swift in Sources */,
				1FE0B78C2BE93DC000E45895 /* TapGestureView.swift in Sources */,
			);
			runOnlyForDeploymentPostprocessing = 0;
		};
		1FAFE0FF2BE4D4CB005498C3 /* Sources */ = {
			isa = PBXSourcesBuildPhase;
			buildActionMask = 2147483647;
			files = (
				1FAFE1082BE4D4CB005498C3 /* practicaSwiftUIBetaTests.swift in Sources */,
			);
			runOnlyForDeploymentPostprocessing = 0;
		};
		1FAFE1092BE4D4CB005498C3 /* Sources */ = {
			isa = PBXSourcesBuildPhase;
			buildActionMask = 2147483647;
			files = (
				1FAFE1122BE4D4CB005498C3 /* practicaSwiftUIBetaUITests.swift in Sources */,
				1FAFE1142BE4D4CB005498C3 /* practicaSwiftUIBetaUITestsLaunchTests.swift in Sources */,
			);
			runOnlyForDeploymentPostprocessing = 0;
		};
/* End PBXSourcesBuildPhase section */

/* Begin PBXTargetDependency section */
		1FAFE1052BE4D4CB005498C3 /* PBXTargetDependency */ = {
			isa = PBXTargetDependency;
			target = 1FAFE0F22BE4D4C8005498C3 /* practicaSwiftUIBeta */;
			targetProxy = 1FAFE1042BE4D4CB005498C3 /* PBXContainerItemProxy */;
		};
		1FAFE10F2BE4D4CB005498C3 /* PBXTargetDependency */ = {
			isa = PBXTargetDependency;
			target = 1FAFE0F22BE4D4C8005498C3 /* practicaSwiftUIBeta */;
			targetProxy = 1FAFE10E2BE4D4CB005498C3 /* PBXContainerItemProxy */;
		};
/* End PBXTargetDependency section */

/* Begin XCBuildConfiguration section */
		1FAFE1152BE4D4CB005498C3 /* Debug */ = {
			isa = XCBuildConfiguration;
			buildSettings = {
				ALWAYS_SEARCH_USER_PATHS = NO;
				CLANG_ANALYZER_NONNULL = YES;
				CLANG_ANALYZER_NUMBER_OBJECT_CONVERSION = YES_AGGRESSIVE;
				CLANG_CXX_LANGUAGE_STANDARD = "gnu++20";
				CLANG_ENABLE_MODULES = YES;
				CLANG_ENABLE_OBJC_ARC = YES;
				CLANG_ENABLE_OBJC_WEAK = YES;
				CLANG_WARN_BLOCK_CAPTURE_AUTORELEASING = YES;
				CLANG_WARN_BOOL_CONVERSION = YES;
				CLANG_WARN_COMMA = YES;
				CLANG_WARN_CONSTANT_CONVERSION = YES;
				CLANG_WARN_DEPRECATED_OBJC_IMPLEMENTATIONS = YES;
				CLANG_WARN_DIRECT_OBJC_ISA_USAGE = YES_ERROR;
				CLANG_WARN_DOCUMENTATION_COMMENTS = YES;
				CLANG_WARN_EMPTY_BODY = YES;
				CLANG_WARN_ENUM_CONVERSION = YES;
				CLANG_WARN_INFINITE_RECURSION = YES;
				CLANG_WARN_INT_CONVERSION = YES;
				CLANG_WARN_NON_LITERAL_NULL_CONVERSION = YES;
				CLANG_WARN_OBJC_IMPLICIT_RETAIN_SELF = YES;
				CLANG_WARN_OBJC_LITERAL_CONVERSION = YES;
				CLANG_WARN_OBJC_ROOT_CLASS = YES_ERROR;
				CLANG_WARN_QUOTED_INCLUDE_IN_FRAMEWORK_HEADER = YES;
				CLANG_WARN_RANGE_LOOP_ANALYSIS = YES;
				CLANG_WARN_STRICT_PROTOTYPES = YES;
				CLANG_WARN_SUSPICIOUS_MOVE = YES;
				CLANG_WARN_UNGUARDED_AVAILABILITY = YES_AGGRESSIVE;
				CLANG_WARN_UNREACHABLE_CODE = YES;
				CLANG_WARN__DUPLICATE_METHOD_MATCH = YES;
				COPY_PHASE_STRIP = NO;
				DEBUG_INFORMATION_FORMAT = dwarf;
				ENABLE_STRICT_OBJC_MSGSEND = YES;
				ENABLE_TESTABILITY = YES;
				GCC_C_LANGUAGE_STANDARD = gnu11;
				GCC_DYNAMIC_NO_PIC = NO;
				GCC_NO_COMMON_BLOCKS = YES;
				GCC_OPTIMIZATION_LEVEL = 0;
				GCC_PREPROCESSOR_DEFINITIONS = (
					"DEBUG=1",
					"$(inherited)",
				);
				GCC_WARN_64_TO_32_BIT_CONVERSION = YES;
				GCC_WARN_ABOUT_RETURN_TYPE = YES_ERROR;
				GCC_WARN_UNDECLARED_SELECTOR = YES;
				GCC_WARN_UNINITIALIZED_AUTOS = YES_AGGRESSIVE;
				GCC_WARN_UNUSED_FUNCTION = YES;
				GCC_WARN_UNUSED_VARIABLE = YES;
				IPHONEOS_DEPLOYMENT_TARGET = 16.2;
				MTL_ENABLE_DEBUG_INFO = INCLUDE_SOURCE;
				MTL_FAST_MATH = YES;
				ONLY_ACTIVE_ARCH = YES;
				SDKROOT = iphoneos;
				SWIFT_ACTIVE_COMPILATION_CONDITIONS = DEBUG;
				SWIFT_OPTIMIZATION_LEVEL = "-Onone";
			};
			name = Debug;
		};
		1FAFE1162BE4D4CB005498C3 /* Release */ = {
			isa = XCBuildConfiguration;
			buildSettings = {
				ALWAYS_SEARCH_USER_PATHS = NO;
				CLANG_ANALYZER_NONNULL = YES;
				CLANG_ANALYZER_NUMBER_OBJECT_CONVERSION = YES_AGGRESSIVE;
				CLANG_CXX_LANGUAGE_STANDARD = "gnu++20";
				CLANG_ENABLE_MODULES = YES;
				CLANG_ENABLE_OBJC_ARC = YES;
				CLANG_ENABLE_OBJC_WEAK = YES;
				CLANG_WARN_BLOCK_CAPTURE_AUTORELEASING = YES;
				CLANG_WARN_BOOL_CONVERSION = YES;
				CLANG_WARN_COMMA = YES;
				CLANG_WARN_CONSTANT_CONVERSION = YES;
				CLANG_WARN_DEPRECATED_OBJC_IMPLEMENTATIONS = YES;
				CLANG_WARN_DIRECT_OBJC_ISA_USAGE = YES_ERROR;
				CLANG_WARN_DOCUMENTATION_COMMENTS = YES;
				CLANG_WARN_EMPTY_BODY = YES;
				CLANG_WARN_ENUM_CONVERSION = YES;
				CLANG_WARN_INFINITE_RECURSION = YES;
				CLANG_WARN_INT_CONVERSION = YES;
				CLANG_WARN_NON_LITERAL_NULL_CONVERSION = YES;
				CLANG_WARN_OBJC_IMPLICIT_RETAIN_SELF = YES;
				CLANG_WARN_OBJC_LITERAL_CONVERSION = YES;
				CLANG_WARN_OBJC_ROOT_CLASS = YES_ERROR;
				CLANG_WARN_QUOTED_INCLUDE_IN_FRAMEWORK_HEADER = YES;
				CLANG_WARN_RANGE_LOOP_ANALYSIS = YES;
				CLANG_WARN_STRICT_PROTOTYPES = YES;
				CLANG_WARN_SUSPICIOUS_MOVE = YES;
				CLANG_WARN_UNGUARDED_AVAILABILITY = YES_AGGRESSIVE;
				CLANG_WARN_UNREACHABLE_CODE = YES;
				CLANG_WARN__DUPLICATE_METHOD_MATCH = YES;
				COPY_PHASE_STRIP = NO;
				DEBUG_INFORMATION_FORMAT = "dwarf-with-dsym";
				ENABLE_NS_ASSERTIONS = NO;
				ENABLE_STRICT_OBJC_MSGSEND = YES;
				GCC_C_LANGUAGE_STANDARD = gnu11;
				GCC_NO_COMMON_BLOCKS = YES;
				GCC_WARN_64_TO_32_BIT_CONVERSION = YES;
				GCC_WARN_ABOUT_RETURN_TYPE = YES_ERROR;
				GCC_WARN_UNDECLARED_SELECTOR = YES;
				GCC_WARN_UNINITIALIZED_AUTOS = YES_AGGRESSIVE;
				GCC_WARN_UNUSED_FUNCTION = YES;
				GCC_WARN_UNUSED_VARIABLE = YES;
				IPHONEOS_DEPLOYMENT_TARGET = 16.2;
				MTL_ENABLE_DEBUG_INFO = NO;
				MTL_FAST_MATH = YES;
				SDKROOT = iphoneos;
				SWIFT_COMPILATION_MODE = wholemodule;
				SWIFT_OPTIMIZATION_LEVEL = "-O";
				VALIDATE_PRODUCT = YES;
			};
			name = Release;
		};
		1FAFE1182BE4D4CB005498C3 /* Debug */ = {
			isa = XCBuildConfiguration;
			buildSettings = {
				ASSETCATALOG_COMPILER_APPICON_NAME = AppIcon;
				ASSETCATALOG_COMPILER_GLOBAL_ACCENT_COLOR_NAME = AccentColor;
				CODE_SIGN_STYLE = Automatic;
				CURRENT_PROJECT_VERSION = 1;
				DEVELOPMENT_ASSET_PATHS = "\"practicaSwiftUIBeta/Preview Content\"";
				DEVELOPMENT_TEAM = Z6336UHQ5Z;
				ENABLE_PREVIEWS = YES;
				GENERATE_INFOPLIST_FILE = YES;
				INFOPLIST_KEY_UIApplicationSceneManifest_Generation = YES;
				INFOPLIST_KEY_UIApplicationSupportsIndirectInputEvents = YES;
				INFOPLIST_KEY_UILaunchScreen_Generation = YES;
				INFOPLIST_KEY_UISupportedInterfaceOrientations_iPad = "UIInterfaceOrientationPortrait UIInterfaceOrientationPortraitUpsideDown UIInterfaceOrientationLandscapeLeft UIInterfaceOrientationLandscapeRight";
				INFOPLIST_KEY_UISupportedInterfaceOrientations_iPhone = "UIInterfaceOrientationPortrait UIInterfaceOrientationLandscapeLeft UIInterfaceOrientationLandscapeRight";
				LD_RUNPATH_SEARCH_PATHS = (
					"$(inherited)",
					"@executable_path/Frameworks",
				);
				MARKETING_VERSION = 1.0;
				PRODUCT_BUNDLE_IDENTIFIER = IBV.practicaSwiftUIBeta;
				PRODUCT_NAME = "$(TARGET_NAME)";
				SWIFT_EMIT_LOC_STRINGS = YES;
				SWIFT_VERSION = 5.0;
				TARGETED_DEVICE_FAMILY = "1,2";
			};
			name = Debug;
		};
		1FAFE1192BE4D4CB005498C3 /* Release */ = {
			isa = XCBuildConfiguration;
			buildSettings = {
				ASSETCATALOG_COMPILER_APPICON_NAME = AppIcon;
				ASSETCATALOG_COMPILER_GLOBAL_ACCENT_COLOR_NAME = AccentColor;
				CODE_SIGN_STYLE = Automatic;
				CURRENT_PROJECT_VERSION = 1;
				DEVELOPMENT_ASSET_PATHS = "\"practicaSwiftUIBeta/Preview Content\"";
				DEVELOPMENT_TEAM = Z6336UHQ5Z;
				ENABLE_PREVIEWS = YES;
				GENERATE_INFOPLIST_FILE = YES;
				INFOPLIST_KEY_UIApplicationSceneManifest_Generation = YES;
				INFOPLIST_KEY_UIApplicationSupportsIndirectInputEvents = YES;
				INFOPLIST_KEY_UILaunchScreen_Generation = YES;
				INFOPLIST_KEY_UISupportedInterfaceOrientations_iPad = "UIInterfaceOrientationPortrait UIInterfaceOrientationPortraitUpsideDown UIInterfaceOrientationLandscapeLeft UIInterfaceOrientationLandscapeRight";
				INFOPLIST_KEY_UISupportedInterfaceOrientations_iPhone = "UIInterfaceOrientationPortrait UIInterfaceOrientationLandscapeLeft UIInterfaceOrientationLandscapeRight";
				LD_RUNPATH_SEARCH_PATHS = (
					"$(inherited)",
					"@executable_path/Frameworks",
				);
				MARKETING_VERSION = 1.0;
				PRODUCT_BUNDLE_IDENTIFIER = IBV.practicaSwiftUIBeta;
				PRODUCT_NAME = "$(TARGET_NAME)";
				SWIFT_EMIT_LOC_STRINGS = YES;
				SWIFT_VERSION = 5.0;
				TARGETED_DEVICE_FAMILY = "1,2";
			};
			name = Release;
		};
		1FAFE11B2BE4D4CB005498C3 /* Debug */ = {
			isa = XCBuildConfiguration;
			buildSettings = {
				ALWAYS_EMBED_SWIFT_STANDARD_LIBRARIES = YES;
				BUNDLE_LOADER = "$(TEST_HOST)";
				CODE_SIGN_STYLE = Automatic;
				CURRENT_PROJECT_VERSION = 1;
				DEVELOPMENT_TEAM = Z6336UHQ5Z;
				GENERATE_INFOPLIST_FILE = YES;
				IPHONEOS_DEPLOYMENT_TARGET = 16.2;
				MARKETING_VERSION = 1.0;
				PRODUCT_BUNDLE_IDENTIFIER = IBV.practicaSwiftUIBetaTests;
				PRODUCT_NAME = "$(TARGET_NAME)";
				SWIFT_EMIT_LOC_STRINGS = NO;
				SWIFT_VERSION = 5.0;
				TARGETED_DEVICE_FAMILY = "1,2";
				TEST_HOST = "$(BUILT_PRODUCTS_DIR)/practicaSwiftUIBeta.app/$(BUNDLE_EXECUTABLE_FOLDER_PATH)/practicaSwiftUIBeta";
			};
			name = Debug;
		};
		1FAFE11C2BE4D4CB005498C3 /* Release */ = {
			isa = XCBuildConfiguration;
			buildSettings = {
				ALWAYS_EMBED_SWIFT_STANDARD_LIBRARIES = YES;
				BUNDLE_LOADER = "$(TEST_HOST)";
				CODE_SIGN_STYLE = Automatic;
				CURRENT_PROJECT_VERSION = 1;
				DEVELOPMENT_TEAM = Z6336UHQ5Z;
				GENERATE_INFOPLIST_FILE = YES;
				IPHONEOS_DEPLOYMENT_TARGET = 16.2;
				MARKETING_VERSION = 1.0;
				PRODUCT_BUNDLE_IDENTIFIER = IBV.practicaSwiftUIBetaTests;
				PRODUCT_NAME = "$(TARGET_NAME)";
				SWIFT_EMIT_LOC_STRINGS = NO;
				SWIFT_VERSION = 5.0;
				TARGETED_DEVICE_FAMILY = "1,2";
				TEST_HOST = "$(BUILT_PRODUCTS_DIR)/practicaSwiftUIBeta.app/$(BUNDLE_EXECUTABLE_FOLDER_PATH)/practicaSwiftUIBeta";
			};
			name = Release;
		};
		1FAFE11E2BE4D4CB005498C3 /* Debug */ = {
			isa = XCBuildConfiguration;
			buildSettings = {
				ALWAYS_EMBED_SWIFT_STANDARD_LIBRARIES = YES;
				CODE_SIGN_STYLE = Automatic;
				CURRENT_PROJECT_VERSION = 1;
				DEVELOPMENT_TEAM = Z6336UHQ5Z;
				GENERATE_INFOPLIST_FILE = YES;
				MARKETING_VERSION = 1.0;
				PRODUCT_BUNDLE_IDENTIFIER = IBV.practicaSwiftUIBetaUITests;
				PRODUCT_NAME = "$(TARGET_NAME)";
				SWIFT_EMIT_LOC_STRINGS = NO;
				SWIFT_VERSION = 5.0;
				TARGETED_DEVICE_FAMILY = "1,2";
				TEST_TARGET_NAME = practicaSwiftUIBeta;
			};
			name = Debug;
		};
		1FAFE11F2BE4D4CB005498C3 /* Release */ = {
			isa = XCBuildConfiguration;
			buildSettings = {
				ALWAYS_EMBED_SWIFT_STANDARD_LIBRARIES = YES;
				CODE_SIGN_STYLE = Automatic;
				CURRENT_PROJECT_VERSION = 1;
				DEVELOPMENT_TEAM = Z6336UHQ5Z;
				GENERATE_INFOPLIST_FILE = YES;
				MARKETING_VERSION = 1.0;
				PRODUCT_BUNDLE_IDENTIFIER = IBV.practicaSwiftUIBetaUITests;
				PRODUCT_NAME = "$(TARGET_NAME)";
				SWIFT_EMIT_LOC_STRINGS = NO;
				SWIFT_VERSION = 5.0;
				TARGETED_DEVICE_FAMILY = "1,2";
				TEST_TARGET_NAME = practicaSwiftUIBeta;
			};
			name = Release;
		};
/* End XCBuildConfiguration section */

/* Begin XCConfigurationList section */
		1FAFE0EE2BE4D4C8005498C3 /* Build configuration list for PBXProject "practicaSwiftUIBeta" */ = {
			isa = XCConfigurationList;
			buildConfigurations = (
				1FAFE1152BE4D4CB005498C3 /* Debug */,
				1FAFE1162BE4D4CB005498C3 /* Release */,
			);
			defaultConfigurationIsVisible = 0;
			defaultConfigurationName = Release;
		};
		1FAFE1172BE4D4CB005498C3 /* Build configuration list for PBXNativeTarget "practicaSwiftUIBeta" */ = {
			isa = XCConfigurationList;
			buildConfigurations = (
				1FAFE1182BE4D4CB005498C3 /* Debug */,
				1FAFE1192BE4D4CB005498C3 /* Release */,
			);
			defaultConfigurationIsVisible = 0;
			defaultConfigurationName = Release;
		};
		1FAFE11A2BE4D4CB005498C3 /* Build configuration list for PBXNativeTarget "practicaSwiftUIBetaTests" */ = {
			isa = XCConfigurationList;
			buildConfigurations = (
				1FAFE11B2BE4D4CB005498C3 /* Debug */,
				1FAFE11C2BE4D4CB005498C3 /* Release */,
			);
			defaultConfigurationIsVisible = 0;
			defaultConfigurationName = Release;
		};
		1FAFE11D2BE4D4CB005498C3 /* Build configuration list for PBXNativeTarget "practicaSwiftUIBetaUITests" */ = {
			isa = XCConfigurationList;
			buildConfigurations = (
				1FAFE11E2BE4D4CB005498C3 /* Debug */,
				1FAFE11F2BE4D4CB005498C3 /* Release */,
			);
			defaultConfigurationIsVisible = 0;
			defaultConfigurationName = Release;
		};
/* End XCConfigurationList section */
	};
	rootObject = 1FAFE0EB2BE4D4C8005498C3 /* Project object */;
}
